
Microsoft Visual Studio Solution File, Format Version 12.00
# Visual Studio 15
VisualStudioVersion = 15.0.26430.6
MinimumVisualStudioVersion = 10.0.40219.1
Project("{FAE04EC0-301F-11D3-BF4B-00C04F79EFBC}") = "ReverseStrings", "ReverseStrings\ReverseStrings.csproj", "{D89B182B-F71F-4E6A-B7F4-DFE8E28E126E}"
EndProject
Project("{FAE04EC0-301F-11D3-BF4B-00C04F79EFBC}") = "SimpleCalculator", "SimpleCalculator\SimpleCalculator.csproj", "{E7ED6B5A-DC1F-49ED-B897-D78DC6E25DFF}"
EndProject
Project("{FAE04EC0-301F-11D3-BF4B-00C04F79EFBC}") = "DecimalToBinaryConverter", "DecimalToBinaryConverter\DecimalToBinaryConverter.csproj", "{5F5493EC-C7C2-4B6B-B851-CFC4B56A983C}"
EndProject
Project("{FAE04EC0-301F-11D3-BF4B-00C04F79EFBC}") = "HotPotato", "HotPotato\HotPotato.csproj", "{35CC3E5C-8CA8-4782-B82F-5933981337C7}"
EndProject
Project("{FAE04EC0-301F-11D3-BF4B-00C04F79EFBC}") = "MatchingBrackets", "MatchingBrackets\MatchingBrackets.csproj", "{FD61F753-1FE4-4E42-8787-5ED3757A238C}"
EndProject
Project("{FAE04EC0-301F-11D3-BF4B-00C04F79EFBC}") = "ReverseNumbersWithStack", "ReverseNumbersWithStack\ReverseNumbersWithStack.csproj", "{A784F638-444E-43E6-89BE-F593B965740D}"
EndProject
Project("{FAE04EC0-301F-11D3-BF4B-00C04F79EFBC}") = "BasicStackOpps", "BasicStackOpps\BasicStackOpps.csproj", "{FEC49BBB-86F6-4105-A29B-9D2EFBAB18BD}"
EndProject
Project("{FAE04EC0-301F-11D3-BF4B-00C04F79EFBC}") = "MaximumElement", "MaximumElement\MaximumElement.csproj", "{280118E7-AB5E-40F5-B8F3-A86B4B037665}"
EndProject
Project("{FAE04EC0-301F-11D3-BF4B-00C04F79EFBC}") = "BasicQueueOpps", "BasicQueueOpps\BasicQueueOpps.csproj", "{ECBB0232-9C11-42A1-9481-D2812F666674}"
EndProject
Project("{FAE04EC0-301F-11D3-BF4B-00C04F79EFBC}") = "CalculateSequence", "CalculateSequence\CalculateSequence.csproj", "{007FD0B9-08B7-4FDB-B853-769A84133B1D}"
EndProject
Global
	GlobalSection(SolutionConfigurationPlatforms) = preSolution
		Debug|Any CPU = Debug|Any CPU
		Release|Any CPU = Release|Any CPU
	EndGlobalSection
	GlobalSection(ProjectConfigurationPlatforms) = postSolution
		{D89B182B-F71F-4E6A-B7F4-DFE8E28E126E}.Debug|Any CPU.ActiveCfg = Debug|Any CPU
		{D89B182B-F71F-4E6A-B7F4-DFE8E28E126E}.Debug|Any CPU.Build.0 = Debug|Any CPU
		{D89B182B-F71F-4E6A-B7F4-DFE8E28E126E}.Release|Any CPU.ActiveCfg = Release|Any CPU
		{D89B182B-F71F-4E6A-B7F4-DFE8E28E126E}.Release|Any CPU.Build.0 = Release|Any CPU
		{E7ED6B5A-DC1F-49ED-B897-D78DC6E25DFF}.Debug|Any CPU.ActiveCfg = Debug|Any CPU
		{E7ED6B5A-DC1F-49ED-B897-D78DC6E25DFF}.Debug|Any CPU.Build.0 = Debug|Any CPU
		{E7ED6B5A-DC1F-49ED-B897-D78DC6E25DFF}.Release|Any CPU.ActiveCfg = Release|Any CPU
		{E7ED6B5A-DC1F-49ED-B897-D78DC6E25DFF}.Release|Any CPU.Build.0 = Release|Any CPU
		{5F5493EC-C7C2-4B6B-B851-CFC4B56A983C}.Debug|Any CPU.ActiveCfg = Debug|Any CPU
		{5F5493EC-C7C2-4B6B-B851-CFC4B56A983C}.Debug|Any CPU.Build.0 = Debug|Any CPU
		{5F5493EC-C7C2-4B6B-B851-CFC4B56A983C}.Release|Any CPU.ActiveCfg = Release|Any CPU
		{5F5493EC-C7C2-4B6B-B851-CFC4B56A983C}.Release|Any CPU.Build.0 = Release|Any CPU
		{35CC3E5C-8CA8-4782-B82F-5933981337C7}.Debug|Any CPU.ActiveCfg = Debug|Any CPU
		{35CC3E5C-8CA8-4782-B82F-5933981337C7}.Debug|Any CPU.Build.0 = Debug|Any CPU
		{35CC3E5C-8CA8-4782-B82F-5933981337C7}.Release|Any CPU.ActiveCfg = Release|Any CPU
		{35CC3E5C-8CA8-4782-B82F-5933981337C7}.Release|Any CPU.Build.0 = Release|Any CPU
		{FD61F753-1FE4-4E42-8787-5ED3757A238C}.Debug|Any CPU.ActiveCfg = Debug|Any CPU
		{FD61F753-1FE4-4E42-8787-5ED3757A238C}.Debug|Any CPU.Build.0 = Debug|Any CPU
		{FD61F753-1FE4-4E42-8787-5ED3757A238C}.Release|Any CPU.ActiveCfg = Release|Any CPU
		{FD61F753-1FE4-4E42-8787-5ED3757A238C}.Release|Any CPU.Build.0 = Release|Any CPU
		{A784F638-444E-43E6-89BE-F593B965740D}.Debug|Any CPU.ActiveCfg = Debug|Any CPU
		{A784F638-444E-43E6-89BE-F593B965740D}.Debug|Any CPU.Build.0 = Debug|Any CPU
		{A784F638-444E-43E6-89BE-F593B965740D}.Release|Any CPU.ActiveCfg = Release|Any CPU
		{A784F638-444E-43E6-89BE-F593B965740D}.Release|Any CPU.Build.0 = Release|Any CPU
		{FEC49BBB-86F6-4105-A29B-9D2EFBAB18BD}.Debug|Any CPU.ActiveCfg = Debug|Any CPU
		{FEC49BBB-86F6-4105-A29B-9D2EFBAB18BD}.Debug|Any CPU.Build.0 = Debug|Any CPU
		{FEC49BBB-86F6-4105-A29B-9D2EFBAB18BD}.Release|Any CPU.ActiveCfg = Release|Any CPU
		{FEC49BBB-86F6-4105-A29B-9D2EFBAB18BD}.Release|Any CPU.Build.0 = Release|Any CPU
		{280118E7-AB5E-40F5-B8F3-A86B4B037665}.Debug|Any CPU.ActiveCfg = Debug|Any CPU
		{280118E7-AB5E-40F5-B8F3-A86B4B037665}.Debug|Any CPU.Build.0 = Debug|Any CPU
		{280118E7-AB5E-40F5-B8F3-A86B4B037665}.Release|Any CPU.ActiveCfg = Release|Any CPU
		{280118E7-AB5E-40F5-B8F3-A86B4B037665}.Release|Any CPU.Build.0 = Release|Any CPU
		{ECBB0232-9C11-42A1-9481-D2812F666674}.Debug|Any CPU.ActiveCfg = Debug|Any CPU
		{ECBB0232-9C11-42A1-9481-D2812F666674}.Debug|Any CPU.Build.0 = Debug|Any CPU
		{ECBB0232-9C11-42A1-9481-D2812F666674}.Release|Any CPU.ActiveCfg = Release|Any CPU
		{ECBB0232-9C11-42A1-9481-D2812F666674}.Release|Any CPU.Build.0 = Release|Any CPU
		{007FD0B9-08B7-4FDB-B853-769A84133B1D}.Debug|Any CPU.ActiveCfg = Debug|Any CPU
		{007FD0B9-08B7-4FDB-B853-769A84133B1D}.Debug|Any CPU.Build.0 = Debug|Any CPU
		{007FD0B9-08B7-4FDB-B853-769A84133B1D}.Release|Any CPU.ActiveCfg = Release|Any CPU
		{007FD0B9-08B7-4FDB-B853-769A84133B1D}.Release|Any CPU.Build.0 = Release|Any CPU
	EndGlobalSection
	GlobalSection(SolutionProperties) = preSolution
		HideSolutionNode = FALSE
	EndGlobalSection
EndGlobal
